
Microsoft Visual Studio Solution File, Format Version 12.00
# Visual Studio 15
VisualStudioVersion = 15.0.26127.3
MinimumVisualStudioVersion = 10.0.40219.1
Project("{FAE04EC0-301F-11D3-BF4B-00C04F79EFBC}") = "测风仪调试工具", "测风仪调试工具\测风仪调试工具.csproj", "{40A96B2F-5F5D-4ED7-B6CC-5B1F0DD52F40}"
EndProject
Global
	GlobalSection(SolutionConfigurationPlatforms) = preSolution
		Debug|Any CPU = Debug|Any CPU
		Release|Any CPU = Release|Any CPU
	EndGlobalSection
	GlobalSection(ProjectConfigurationPlatforms) = postSolution
		{40A96B2F-5F5D-4ED7-B6CC-5B1F0DD52F40}.Debug|Any CPU.ActiveCfg = Debug|Any CPU
		{40A96B2F-5F5D-4ED7-B6CC-5B1F0DD52F40}.Debug|Any CPU.Build.0 = Debug|Any CPU
		{40A96B2F-5F5D-4ED7-B6CC-5B1F0DD52F40}.Release|Any CPU.ActiveCfg = Release|Any CPU
		{40A96B2F-5F5D-4ED7-B6CC-5B1F0DD52F40}.Release|Any CPU.Build.0 = Release|Any CPU
	EndGlobalSection
	GlobalSection(SolutionProperties) = preSolution
		HideSolutionNode = FALSE
	EndGlobalSection
EndGlobal
